// !$*UTF8*$!
{
	archiveVersion = 1;
	classes = {
	};
	objectVersion = 56;
	objects = {

/* Begin PBXBuildFile section */
		156CED472AA287DC0000EEEA /* GymUpApp.swift in Sources */ = {isa = PBXBuildFile; fileRef = 156CED462AA287DC0000EEEA /* GymUpApp.swift */; };
		156CED492AA287DC0000EEEA /* ContentView.swift in Sources */ = {isa = PBXBuildFile; fileRef = 156CED482AA287DC0000EEEA /* ContentView.swift */; };
		156CED4B2AA287DD0000EEEA /* Assets.xcassets in Resources */ = {isa = PBXBuildFile; fileRef = 156CED4A2AA287DD0000EEEA /* Assets.xcassets */; };
		156CED4E2AA287DD0000EEEA /* Preview Assets.xcassets in Resources */ = {isa = PBXBuildFile; fileRef = 156CED4D2AA287DD0000EEEA /* Preview Assets.xcassets */; };
		156CED5F2AA28C090000EEEA /* FirebaseAuth in Frameworks */ = {isa = PBXBuildFile; productRef = 156CED5E2AA28C090000EEEA /* FirebaseAuth */; };
		156CED612AA28DEB0000EEEA /* SignInView.swift in Sources */ = {isa = PBXBuildFile; fileRef = 156CED602AA28DEB0000EEEA /* SignInView.swift */; };
		156CED632AA28E040000EEEA /* SignInViewModel.swift in Sources */ = {isa = PBXBuildFile; fileRef = 156CED622AA28E040000EEEA /* SignInViewModel.swift */; };
		156CED662AA291660000EEEA /* AuthenticationManager.swift in Sources */ = {isa = PBXBuildFile; fileRef = 156CED652AA291660000EEEA /* AuthenticationManager.swift */; };
		156CED682AA293720000EEEA /* AuthDataResultModel.swift in Sources */ = {isa = PBXBuildFile; fileRef = 156CED672AA293720000EEEA /* AuthDataResultModel.swift */; };
		156CED6A2AA29A400000EEEA /* GoogleService-Info.plist in Resources */ = {isa = PBXBuildFile; fileRef = 156CED692AA29A400000EEEA /* GoogleService-Info.plist */; };
/* End PBXBuildFile section */

/* Begin PBXFileReference section */
		156CED432AA287DC0000EEEA /* GymUp.app */ = {isa = PBXFileReference; explicitFileType = wrapper.application; includeInIndex = 0; path = GymUp.app; sourceTree = BUILT_PRODUCTS_DIR; };
		156CED462AA287DC0000EEEA /* GymUpApp.swift */ = {isa = PBXFileReference; lastKnownFileType = sourcecode.swift; path = GymUpApp.swift; sourceTree = "<group>"; };
		156CED482AA287DC0000EEEA /* ContentView.swift */ = {isa = PBXFileReference; lastKnownFileType = sourcecode.swift; path = ContentView.swift; sourceTree = "<group>"; };
		156CED4A2AA287DD0000EEEA /* Assets.xcassets */ = {isa = PBXFileReference; lastKnownFileType = folder.assetcatalog; path = Assets.xcassets; sourceTree = "<group>"; };
		156CED4D2AA287DD0000EEEA /* Preview Assets.xcassets */ = {isa = PBXFileReference; lastKnownFileType = folder.assetcatalog; path = "Preview Assets.xcassets"; sourceTree = "<group>"; };
		156CED602AA28DEB0000EEEA /* SignInView.swift */ = {isa = PBXFileReference; lastKnownFileType = sourcecode.swift; path = SignInView.swift; sourceTree = "<group>"; };
		156CED622AA28E040000EEEA /* SignInViewModel.swift */ = {isa = PBXFileReference; lastKnownFileType = sourcecode.swift; path = SignInViewModel.swift; sourceTree = "<group>"; };
		156CED652AA291660000EEEA /* AuthenticationManager.swift */ = {isa = PBXFileReference; lastKnownFileType = sourcecode.swift; path = AuthenticationManager.swift; sourceTree = "<group>"; };
		156CED672AA293720000EEEA /* AuthDataResultModel.swift */ = {isa = PBXFileReference; lastKnownFileType = sourcecode.swift; path = AuthDataResultModel.swift; sourceTree = "<group>"; };
		156CED692AA29A400000EEEA /* GoogleService-Info.plist */ = {isa = PBXFileReference; fileEncoding = 4; lastKnownFileType = text.plist.xml; path = "GoogleService-Info.plist"; sourceTree = "<group>"; };
/* End PBXFileReference section */

/* Begin PBXFrameworksBuildPhase section */
		156CED402AA287DC0000EEEA /* Frameworks */ = {
			isa = PBXFrameworksBuildPhase;
			buildActionMask = 2147483647;
			files = (
				156CED5F2AA28C090000EEEA /* FirebaseAuth in Frameworks */,
			);
			runOnlyForDeploymentPostprocessing = 0;
		};
/* End PBXFrameworksBuildPhase section */

/* Begin PBXGroup section */
		156CED3A2AA287DC0000EEEA = {
			isa = PBXGroup;
			children = (
				156CED452AA287DC0000EEEA /* GymUp */,
				156CED442AA287DC0000EEEA /* Products */,
			);
			sourceTree = "<group>";
		};
		156CED442AA287DC0000EEEA /* Products */ = {
			isa = PBXGroup;
			children = (
				156CED432AA287DC0000EEEA /* GymUp.app */,
			);
			name = Products;
			sourceTree = "<group>";
		};
		156CED452AA287DC0000EEEA /* GymUp */ = {
			isa = PBXGroup;
			children = (
				156CED462AA287DC0000EEEA /* GymUpApp.swift */,
				156CED482AA287DC0000EEEA /* ContentView.swift */,
				156CED642AA291530000EEEA /* Authentication */,
				156CED562AA289450000EEEA /* Views */,
				156CED552AA2893F0000EEEA /* ViewModels */,
				156CED542AA289370000EEEA /* Models */,
				156CED592AA2896F0000EEEA /* Services */,
				156CED572AA2894E0000EEEA /* Shared */,
				156CED4A2AA287DD0000EEEA /* Assets.xcassets */,
				156CED4C2AA287DD0000EEEA /* Preview Content */,
			);
			path = GymUp;
			sourceTree = "<group>";
		};
		156CED4C2AA287DD0000EEEA /* Preview Content */ = {
			isa = PBXGroup;
			children = (
				156CED4D2AA287DD0000EEEA /* Preview Assets.xcassets */,
			);
			path = "Preview Content";
			sourceTree = "<group>";
		};
		156CED542AA289370000EEEA /* Models */ = {
			isa = PBXGroup;
			children = (
				156CED672AA293720000EEEA /* AuthDataResultModel.swift */,
			);
			path = Models;
			sourceTree = "<group>";
		};
		156CED552AA2893F0000EEEA /* ViewModels */ = {
			isa = PBXGroup;
			children = (
				156CED622AA28E040000EEEA /* SignInViewModel.swift */,
			);
			path = ViewModels;
			sourceTree = "<group>";
		};
		156CED562AA289450000EEEA /* Views */ = {
			isa = PBXGroup;
			children = (
				156CED602AA28DEB0000EEEA /* SignInView.swift */,
			);
			path = Views;
			sourceTree = "<group>";
		};
		156CED572AA2894E0000EEEA /* Shared */ = {
			isa = PBXGroup;
			children = (
				156CED5B2AA289880000EEEA /* Utils */,
				156CED582AA289560000EEEA /* Extensions */,
			);
			path = Shared;
			sourceTree = "<group>";
		};
		156CED582AA289560000EEEA /* Extensions */ = {
			isa = PBXGroup;
			children = (
			);
			path = Extensions;
			sourceTree = "<group>";
		};
		156CED592AA2896F0000EEEA /* Services */ = {
			isa = PBXGroup;
			children = (
				156CED5C2AA289B50000EEEA /* Network */,
				156CED5A2AA289760000EEEA /* Firebase */,
			);
			path = Services;
			sourceTree = "<group>";
		};
		156CED5A2AA289760000EEEA /* Firebase */ = {
			isa = PBXGroup;
			children = (
				156CED692AA29A400000EEEA /* GoogleService-Info.plist */,
			);
			path = Firebase;
			sourceTree = "<group>";
		};
		156CED5B2AA289880000EEEA /* Utils */ = {
			isa = PBXGroup;
			children = (
			);
			path = Utils;
			sourceTree = "<group>";
		};
		156CED5C2AA289B50000EEEA /* Network */ = {
			isa = PBXGroup;
			children = (
			);
			path = Network;
			sourceTree = "<group>";
		};
		156CED642AA291530000EEEA /* Authentication */ = {
			isa = PBXGroup;
			children = (
				156CED652AA291660000EEEA /* AuthenticationManager.swift */,
			);
			path = Authentication;
			sourceTree = "<group>";
		};
/* End PBXGroup section */

/* Begin PBXNativeTarget section */
		156CED422AA287DC0000EEEA /* GymUp */ = {
			isa = PBXNativeTarget;
			buildConfigurationList = 156CED512AA287DD0000EEEA /* Build configuration list for PBXNativeTarget "GymUp" */;
			buildPhases = (
				156CED3F2AA287DC0000EEEA /* Sources */,
				156CED402AA287DC0000EEEA /* Frameworks */,
				156CED412AA287DC0000EEEA /* Resources */,
			);
			buildRules = (
			);
			dependencies = (
			);
			name = GymUp;
			packageProductDependencies = (
				156CED5E2AA28C090000EEEA /* FirebaseAuth */,
			);
			productName = GymUp;
			productReference = 156CED432AA287DC0000EEEA /* GymUp.app */;
			productType = "com.apple.product-type.application";
		};
/* End PBXNativeTarget section */

/* Begin PBXProject section */
		156CED3B2AA287DC0000EEEA /* Project object */ = {
			isa = PBXProject;
			attributes = {
				BuildIndependentTargetsInParallel = 1;
				LastSwiftUpdateCheck = 1420;
				LastUpgradeCheck = 1420;
				TargetAttributes = {
					156CED422AA287DC0000EEEA = {
						CreatedOnToolsVersion = 14.2;
					};
				};
			};
			buildConfigurationList = 156CED3E2AA287DC0000EEEA /* Build configuration list for PBXProject "GymUp" */;
			compatibilityVersion = "Xcode 14.0";
			developmentRegion = en;
			hasScannedForEncodings = 0;
			knownRegions = (
				en,
				Base,
			);
			mainGroup = 156CED3A2AA287DC0000EEEA;
			packageReferences = (
				156CED5D2AA28C090000EEEA /* XCRemoteSwiftPackageReference "firebase-ios-sdk" */,
			);
			productRefGroup = 156CED442AA287DC0000EEEA /* Products */;
			projectDirPath = "";
			projectRoot = "";
			targets = (
				156CED422AA287DC0000EEEA /* GymUp */,
			);
		};
/* End PBXProject section */

/* Begin PBXResourcesBuildPhase section */
		156CED412AA287DC0000EEEA /* Resources */ = {
			isa = PBXResourcesBuildPhase;
			buildActionMask = 2147483647;
			files = (
				156CED4E2AA287DD0000EEEA /* Preview Assets.xcassets in Resources */,
				156CED4B2AA287DD0000EEEA /* Assets.xcassets in Resources */,
				156CED6A2AA29A400000EEEA /* GoogleService-Info.plist in Resources */,
			);
			runOnlyForDeploymentPostprocessing = 0;
		};
/* End PBXResourcesBuildPhase section */

/* Begin PBXSourcesBuildPhase section */
		156CED3F2AA287DC0000EEEA /* Sources */ = {
			isa = PBXSourcesBuildPhase;
			buildActionMask = 2147483647;
			files = (
				156CED682AA293720000EEEA /* AuthDataResultModel.swift in Sources */,
				156CED632AA28E040000EEEA /* SignInViewModel.swift in Sources */,
				156CED612AA28DEB0000EEEA /* SignInView.swift in Sources */,
				156CED492AA287DC0000EEEA /* ContentView.swift in Sources */,
				156CED662AA291660000EEEA /* AuthenticationManager.swift in Sources */,
				156CED472AA287DC0000EEEA /* GymUpApp.swift in Sources */,
			);
			runOnlyForDeploymentPostprocessing = 0;
		};
/* End PBXSourcesBuildPhase section */

/* Begin XCBuildConfiguration section */
		156CED4F2AA287DD0000EEEA /* Debug */ = {
			isa = XCBuildConfiguration;
			buildSettings = {
				ALWAYS_SEARCH_USER_PATHS = NO;
				CLANG_ANALYZER_NONNULL = YES;
				CLANG_ANALYZER_NUMBER_OBJECT_CONVERSION = YES_AGGRESSIVE;
				CLANG_CXX_LANGUAGE_STANDARD = "gnu++20";
				CLANG_ENABLE_MODULES = YES;
				CLANG_ENABLE_OBJC_ARC = YES;
				CLANG_ENABLE_OBJC_WEAK = YES;
				CLANG_WARN_BLOCK_CAPTURE_AUTORELEASING = YES;
				CLANG_WARN_BOOL_CONVERSION = YES;
				CLANG_WARN_COMMA = YES;
				CLANG_WARN_CONSTANT_CONVERSION = YES;
				CLANG_WARN_DEPRECATED_OBJC_IMPLEMENTATIONS = YES;
				CLANG_WARN_DIRECT_OBJC_ISA_USAGE = YES_ERROR;
				CLANG_WARN_DOCUMENTATION_COMMENTS = YES;
				CLANG_WARN_EMPTY_BODY = YES;
				CLANG_WARN_ENUM_CONVERSION = YES;
				CLANG_WARN_INFINITE_RECURSION = YES;
				CLANG_WARN_INT_CONVERSION = YES;
				CLANG_WARN_NON_LITERAL_NULL_CONVERSION = YES;
				CLANG_WARN_OBJC_IMPLICIT_RETAIN_SELF = YES;
				CLANG_WARN_OBJC_LITERAL_CONVERSION = YES;
				CLANG_WARN_OBJC_ROOT_CLASS = YES_ERROR;
				CLANG_WARN_QUOTED_INCLUDE_IN_FRAMEWORK_HEADER = YES;
				CLANG_WARN_RANGE_LOOP_ANALYSIS = YES;
				CLANG_WARN_STRICT_PROTOTYPES = YES;
				CLANG_WARN_SUSPICIOUS_MOVE = YES;
				CLANG_WARN_UNGUARDED_AVAILABILITY = YES_AGGRESSIVE;
				CLANG_WARN_UNREACHABLE_CODE = YES;
				CLANG_WARN__DUPLICATE_METHOD_MATCH = YES;
				COPY_PHASE_STRIP = NO;
				DEBUG_INFORMATION_FORMAT = dwarf;
				ENABLE_STRICT_OBJC_MSGSEND = YES;
				ENABLE_TESTABILITY = YES;
				GCC_C_LANGUAGE_STANDARD = gnu11;
				GCC_DYNAMIC_NO_PIC = NO;
				GCC_NO_COMMON_BLOCKS = YES;
				GCC_OPTIMIZATION_LEVEL = 0;
				GCC_PREPROCESSOR_DEFINITIONS = (
					"DEBUG=1",
					"$(inherited)",
				);
				GCC_WARN_64_TO_32_BIT_CONVERSION = YES;
				GCC_WARN_ABOUT_RETURN_TYPE = YES_ERROR;
				GCC_WARN_UNDECLARED_SELECTOR = YES;
				GCC_WARN_UNINITIALIZED_AUTOS = YES_AGGRESSIVE;
				GCC_WARN_UNUSED_FUNCTION = YES;
				GCC_WARN_UNUSED_VARIABLE = YES;
				IPHONEOS_DEPLOYMENT_TARGET = 16.2;
				MTL_ENABLE_DEBUG_INFO = INCLUDE_SOURCE;
				MTL_FAST_MATH = YES;
				ONLY_ACTIVE_ARCH = YES;
				SDKROOT = iphoneos;
				SWIFT_ACTIVE_COMPILATION_CONDITIONS = DEBUG;
				SWIFT_OPTIMIZATION_LEVEL = "-Onone";
			};
			name = Debug;
		};
		156CED502AA287DD0000EEEA /* Release */ = {
			isa = XCBuildConfiguration;
			buildSettings = {
				ALWAYS_SEARCH_USER_PATHS = NO;
				CLANG_ANALYZER_NONNULL = YES;
				CLANG_ANALYZER_NUMBER_OBJECT_CONVERSION = YES_AGGRESSIVE;
				CLANG_CXX_LANGUAGE_STANDARD = "gnu++20";
				CLANG_ENABLE_MODULES = YES;
				CLANG_ENABLE_OBJC_ARC = YES;
				CLANG_ENABLE_OBJC_WEAK = YES;
				CLANG_WARN_BLOCK_CAPTURE_AUTORELEASING = YES;
				CLANG_WARN_BOOL_CONVERSION = YES;
				CLANG_WARN_COMMA = YES;
				CLANG_WARN_CONSTANT_CONVERSION = YES;
				CLANG_WARN_DEPRECATED_OBJC_IMPLEMENTATIONS = YES;
				CLANG_WARN_DIRECT_OBJC_ISA_USAGE = YES_ERROR;
				CLANG_WARN_DOCUMENTATION_COMMENTS = YES;
				CLANG_WARN_EMPTY_BODY = YES;
				CLANG_WARN_ENUM_CONVERSION = YES;
				CLANG_WARN_INFINITE_RECURSION = YES;
				CLANG_WARN_INT_CONVERSION = YES;
				CLANG_WARN_NON_LITERAL_NULL_CONVERSION = YES;
				CLANG_WARN_OBJC_IMPLICIT_RETAIN_SELF = YES;
				CLANG_WARN_OBJC_LITERAL_CONVERSION = YES;
				CLANG_WARN_OBJC_ROOT_CLASS = YES_ERROR;
				CLANG_WARN_QUOTED_INCLUDE_IN_FRAMEWORK_HEADER = YES;
				CLANG_WARN_RANGE_LOOP_ANALYSIS = YES;
				CLANG_WARN_STRICT_PROTOTYPES = YES;
				CLANG_WARN_SUSPICIOUS_MOVE = YES;
				CLANG_WARN_UNGUARDED_AVAILABILITY = YES_AGGRESSIVE;
				CLANG_WARN_UNREACHABLE_CODE = YES;
				CLANG_WARN__DUPLICATE_METHOD_MATCH = YES;
				COPY_PHASE_STRIP = NO;
				DEBUG_INFORMATION_FORMAT = "dwarf-with-dsym";
				ENABLE_NS_ASSERTIONS = NO;
				ENABLE_STRICT_OBJC_MSGSEND = YES;
				GCC_C_LANGUAGE_STANDARD = gnu11;
				GCC_NO_COMMON_BLOCKS = YES;
				GCC_WARN_64_TO_32_BIT_CONVERSION = YES;
				GCC_WARN_ABOUT_RETURN_TYPE = YES_ERROR;
				GCC_WARN_UNDECLARED_SELECTOR = YES;
				GCC_WARN_UNINITIALIZED_AUTOS = YES_AGGRESSIVE;
				GCC_WARN_UNUSED_FUNCTION = YES;
				GCC_WARN_UNUSED_VARIABLE = YES;
				IPHONEOS_DEPLOYMENT_TARGET = 16.2;
				MTL_ENABLE_DEBUG_INFO = NO;
				MTL_FAST_MATH = YES;
				SDKROOT = iphoneos;
				SWIFT_COMPILATION_MODE = wholemodule;
				SWIFT_OPTIMIZATION_LEVEL = "-O";
				VALIDATE_PRODUCT = YES;
			};
			name = Release;
		};
		156CED522AA287DD0000EEEA /* Debug */ = {
			isa = XCBuildConfiguration;
			buildSettings = {
				ASSETCATALOG_COMPILER_APPICON_NAME = AppIcon;
				ASSETCATALOG_COMPILER_GLOBAL_ACCENT_COLOR_NAME = AccentColor;
				CODE_SIGN_STYLE = Automatic;
				CURRENT_PROJECT_VERSION = 1;
				DEVELOPMENT_ASSET_PATHS = "\"GymUp/Preview Content\"";
				DEVELOPMENT_TEAM = XZA5R9TKBS;
				ENABLE_PREVIEWS = YES;
				GENERATE_INFOPLIST_FILE = YES;
				INFOPLIST_KEY_UIApplicationSceneManifest_Generation = YES;
				INFOPLIST_KEY_UIApplicationSupportsIndirectInputEvents = YES;
				INFOPLIST_KEY_UILaunchScreen_Generation = YES;
				INFOPLIST_KEY_UISupportedInterfaceOrientations_iPad = "UIInterfaceOrientationPortrait UIInterfaceOrientationPortraitUpsideDown UIInterfaceOrientationLandscapeLeft UIInterfaceOrientationLandscapeRight";
				INFOPLIST_KEY_UISupportedInterfaceOrientations_iPhone = "UIInterfaceOrientationPortrait UIInterfaceOrientationLandscapeLeft UIInterfaceOrientationLandscapeRight";
				LD_RUNPATH_SEARCH_PATHS = (
					"$(inherited)",
					"@executable_path/Frameworks",
				);
				MARKETING_VERSION = 1.0;
				PRODUCT_BUNDLE_IDENTIFIER = deffsin.GymUp;
				PRODUCT_NAME = "$(TARGET_NAME)";
				SWIFT_EMIT_LOC_STRINGS = YES;
				SWIFT_VERSION = 5.0;
				TARGETED_DEVICE_FAMILY = "1,2";
			};
			name = Debug;
		};
		156CED532AA287DD0000EEEA /* Release */ = {
			isa = XCBuildConfiguration;
			buildSettings = {
				ASSETCATALOG_COMPILER_APPICON_NAME = AppIcon;
				ASSETCATALOG_COMPILER_GLOBAL_ACCENT_COLOR_NAME = AccentColor;
				CODE_SIGN_STYLE = Automatic;
				CURRENT_PROJECT_VERSION = 1;
				DEVELOPMENT_ASSET_PATHS = "\"GymUp/Preview Content\"";
				DEVELOPMENT_TEAM = XZA5R9TKBS;
				ENABLE_PREVIEWS = YES;
				GENERATE_INFOPLIST_FILE = YES;
				INFOPLIST_KEY_UIApplicationSceneManifest_Generation = YES;
				INFOPLIST_KEY_UIApplicationSupportsIndirectInputEvents = YES;
				INFOPLIST_KEY_UILaunchScreen_Generation = YES;
				INFOPLIST_KEY_UISupportedInterfaceOrientations_iPad = "UIInterfaceOrientationPortrait UIInterfaceOrientationPortraitUpsideDown UIInterfaceOrientationLandscapeLeft UIInterfaceOrientationLandscapeRight";
				INFOPLIST_KEY_UISupportedInterfaceOrientations_iPhone = "UIInterfaceOrientationPortrait UIInterfaceOrientationLandscapeLeft UIInterfaceOrientationLandscapeRight";
				LD_RUNPATH_SEARCH_PATHS = (
					"$(inherited)",
					"@executable_path/Frameworks",
				);
				MARKETING_VERSION = 1.0;
				PRODUCT_BUNDLE_IDENTIFIER = deffsin.GymUp;
				PRODUCT_NAME = "$(TARGET_NAME)";
				SWIFT_EMIT_LOC_STRINGS = YES;
				SWIFT_VERSION = 5.0;
				TARGETED_DEVICE_FAMILY = "1,2";
			};
			name = Release;
		};
/* End XCBuildConfiguration section */

/* Begin XCConfigurationList section */
		156CED3E2AA287DC0000EEEA /* Build configuration list for PBXProject "GymUp" */ = {
			isa = XCConfigurationList;
			buildConfigurations = (
				156CED4F2AA287DD0000EEEA /* Debug */,
				156CED502AA287DD0000EEEA /* Release */,
			);
			defaultConfigurationIsVisible = 0;
			defaultConfigurationName = Release;
		};
		156CED512AA287DD0000EEEA /* Build configuration list for PBXNativeTarget "GymUp" */ = {
			isa = XCConfigurationList;
			buildConfigurations = (
				156CED522AA287DD0000EEEA /* Debug */,
				156CED532AA287DD0000EEEA /* Release */,
			);
			defaultConfigurationIsVisible = 0;
			defaultConfigurationName = Release;
		};
/* End XCConfigurationList section */

/* Begin XCRemoteSwiftPackageReference section */
		156CED5D2AA28C090000EEEA /* XCRemoteSwiftPackageReference "firebase-ios-sdk" */ = {
			isa = XCRemoteSwiftPackageReference;
			repositoryURL = "https://github.com/firebase/firebase-ios-sdk.git";
			requirement = {
				kind = upToNextMajorVersion;
				minimumVersion = 9.0.0;
			};
		};
/* End XCRemoteSwiftPackageReference section */

/* Begin XCSwiftPackageProductDependency section */
		156CED5E2AA28C090000EEEA /* FirebaseAuth */ = {
			isa = XCSwiftPackageProductDependency;
			package = 156CED5D2AA28C090000EEEA /* XCRemoteSwiftPackageReference "firebase-ios-sdk" */;
			productName = FirebaseAuth;
		};
/* End XCSwiftPackageProductDependency section */
	};
	rootObject = 156CED3B2AA287DC0000EEEA /* Project object */;
}
