// !$*UTF8*$!
{
	archiveVersion = 1;
	classes = {
	};
	objectVersion = 56;
	objects = {

/* Begin PBXBuildFile section */
		1511C9472AAE311000864044 /* FillInformationView.swift in Sources */ = {isa = PBXBuildFile; fileRef = 1511C9462AAE311000864044 /* FillInformationView.swift */; };
		1536893A2AB1D0250043ABC8 /* TrainerView.swift in Sources */ = {isa = PBXBuildFile; fileRef = 153689392AB1D0250043ABC8 /* TrainerView.swift */; };
		1536893C2AB1D3FB0043ABC8 /* View+NeedToCreateAccount.swift in Sources */ = {isa = PBXBuildFile; fileRef = 1536893B2AB1D3FB0043ABC8 /* View+NeedToCreateAccount.swift */; };
		1536893E2AB1D4560043ABC8 /* View+TrainerButton.swift in Sources */ = {isa = PBXBuildFile; fileRef = 1536893D2AB1D4560043ABC8 /* View+TrainerButton.swift */; };
		156CED472AA287DC0000EEEA /* GymUpApp.swift in Sources */ = {isa = PBXBuildFile; fileRef = 156CED462AA287DC0000EEEA /* GymUpApp.swift */; };
		156CED492AA287DC0000EEEA /* ContentView.swift in Sources */ = {isa = PBXBuildFile; fileRef = 156CED482AA287DC0000EEEA /* ContentView.swift */; };
		156CED4B2AA287DD0000EEEA /* Assets.xcassets in Resources */ = {isa = PBXBuildFile; fileRef = 156CED4A2AA287DD0000EEEA /* Assets.xcassets */; };
		156CED4E2AA287DD0000EEEA /* Preview Assets.xcassets in Resources */ = {isa = PBXBuildFile; fileRef = 156CED4D2AA287DD0000EEEA /* Preview Assets.xcassets */; };
		156CED5F2AA28C090000EEEA /* FirebaseAuth in Frameworks */ = {isa = PBXBuildFile; productRef = 156CED5E2AA28C090000EEEA /* FirebaseAuth */; };
		156CED612AA28DEB0000EEEA /* SignInView.swift in Sources */ = {isa = PBXBuildFile; fileRef = 156CED602AA28DEB0000EEEA /* SignInView.swift */; };
		156CED632AA28E040000EEEA /* SignInEmailViewModel.swift in Sources */ = {isa = PBXBuildFile; fileRef = 156CED622AA28E040000EEEA /* SignInEmailViewModel.swift */; };
		156CED662AA291660000EEEA /* AuthenticationManager.swift in Sources */ = {isa = PBXBuildFile; fileRef = 156CED652AA291660000EEEA /* AuthenticationManager.swift */; };
		156CED682AA293720000EEEA /* AuthDataResultModel.swift in Sources */ = {isa = PBXBuildFile; fileRef = 156CED672AA293720000EEEA /* AuthDataResultModel.swift */; };
		156CED6A2AA29A400000EEEA /* GoogleService-Info.plist in Resources */ = {isa = PBXBuildFile; fileRef = 156CED692AA29A400000EEEA /* GoogleService-Info.plist */; };
		156CED702AA332780000EEEA /* RootView.swift in Sources */ = {isa = PBXBuildFile; fileRef = 156CED6F2AA332780000EEEA /* RootView.swift */; };
		156CED722AA335EB0000EEEA /* SettingsView.swift in Sources */ = {isa = PBXBuildFile; fileRef = 156CED712AA335EB0000EEEA /* SettingsView.swift */; };
		156CED742AA3367C0000EEEA /* SettingsViewModel.swift in Sources */ = {isa = PBXBuildFile; fileRef = 156CED732AA3367C0000EEEA /* SettingsViewModel.swift */; };
		156CED762AA343840000EEEA /* AuthenticationView.swift in Sources */ = {isa = PBXBuildFile; fileRef = 156CED752AA343840000EEEA /* AuthenticationView.swift */; };
		156CED782AA357C70000EEEA /* View+EmailSections.swift in Sources */ = {isa = PBXBuildFile; fileRef = 156CED772AA357C70000EEEA /* View+EmailSections.swift */; };
		156CED7B2AA360420000EEEA /* GoogleSignIn in Frameworks */ = {isa = PBXBuildFile; productRef = 156CED7A2AA360420000EEEA /* GoogleSignIn */; };
		156CED7D2AA360420000EEEA /* GoogleSignInSwift in Frameworks */ = {isa = PBXBuildFile; productRef = 156CED7C2AA360420000EEEA /* GoogleSignInSwift */; };
		156CED802AA3629E0000EEEA /* AuthenticationViewModel.swift in Sources */ = {isa = PBXBuildFile; fileRef = 156CED7F2AA3629E0000EEEA /* AuthenticationViewModel.swift */; };
		156CED842AA3E6DF0000EEEA /* SignInGoogleHelper.swift in Sources */ = {isa = PBXBuildFile; fileRef = 156CED832AA3E6DF0000EEEA /* SignInGoogleHelper.swift */; };
		156CED862AA5CD420000EEEA /* SignInAppleHelper.swift in Sources */ = {isa = PBXBuildFile; fileRef = 156CED852AA5CD420000EEEA /* SignInAppleHelper.swift */; };
		156CED8E2AA632B50000EEEA /* FirebaseFirestore in Frameworks */ = {isa = PBXBuildFile; productRef = 156CED8D2AA632B50000EEEA /* FirebaseFirestore */; };
		156CED902AA632B50000EEEA /* FirebaseFirestoreSwift in Frameworks */ = {isa = PBXBuildFile; productRef = 156CED8F2AA632B50000EEEA /* FirebaseFirestoreSwift */; };
		156CED962AA637080000EEEA /* ProfileView.swift in Sources */ = {isa = PBXBuildFile; fileRef = 156CED952AA637080000EEEA /* ProfileView.swift */; };
		156CED9B2AA66EB70000EEEA /* UserManager.swift in Sources */ = {isa = PBXBuildFile; fileRef = 156CED9A2AA66EB70000EEEA /* UserManager.swift */; };
		15BC79E02AAB2EAE000DD93F /* MainView.swift in Sources */ = {isa = PBXBuildFile; fileRef = 15BC79DF2AAB2EAE000DD93F /* MainView.swift */; };
		15BC79E22AAB2EBA000DD93F /* BeTrainerAddView.swift in Sources */ = {isa = PBXBuildFile; fileRef = 15BC79E12AAB2EBA000DD93F /* BeTrainerAddView.swift */; };
		15BC79E52AAB2F36000DD93F /* TabBar.swift in Sources */ = {isa = PBXBuildFile; fileRef = 15BC79E42AAB2F36000DD93F /* TabBar.swift */; };
		15BC79E72AAB2F3E000DD93F /* TabBarView1.swift in Sources */ = {isa = PBXBuildFile; fileRef = 15BC79E62AAB2F3E000DD93F /* TabBarView1.swift */; };
/* End PBXBuildFile section */

/* Begin PBXFileReference section */
		1511C9462AAE311000864044 /* FillInformationView.swift */ = {isa = PBXFileReference; lastKnownFileType = sourcecode.swift; path = FillInformationView.swift; sourceTree = "<group>"; };
		153689392AB1D0250043ABC8 /* TrainerView.swift */ = {isa = PBXFileReference; lastKnownFileType = sourcecode.swift; path = TrainerView.swift; sourceTree = "<group>"; };
		1536893B2AB1D3FB0043ABC8 /* View+NeedToCreateAccount.swift */ = {isa = PBXFileReference; lastKnownFileType = sourcecode.swift; path = "View+NeedToCreateAccount.swift"; sourceTree = "<group>"; };
		1536893D2AB1D4560043ABC8 /* View+TrainerButton.swift */ = {isa = PBXFileReference; lastKnownFileType = sourcecode.swift; path = "View+TrainerButton.swift"; sourceTree = "<group>"; };
		156CED432AA287DC0000EEEA /* GymUp.app */ = {isa = PBXFileReference; explicitFileType = wrapper.application; includeInIndex = 0; path = GymUp.app; sourceTree = BUILT_PRODUCTS_DIR; };
		156CED462AA287DC0000EEEA /* GymUpApp.swift */ = {isa = PBXFileReference; lastKnownFileType = sourcecode.swift; path = GymUpApp.swift; sourceTree = "<group>"; };
		156CED482AA287DC0000EEEA /* ContentView.swift */ = {isa = PBXFileReference; lastKnownFileType = sourcecode.swift; path = ContentView.swift; sourceTree = "<group>"; };
		156CED4A2AA287DD0000EEEA /* Assets.xcassets */ = {isa = PBXFileReference; lastKnownFileType = folder.assetcatalog; path = Assets.xcassets; sourceTree = "<group>"; };
		156CED4D2AA287DD0000EEEA /* Preview Assets.xcassets */ = {isa = PBXFileReference; lastKnownFileType = folder.assetcatalog; path = "Preview Assets.xcassets"; sourceTree = "<group>"; };
		156CED602AA28DEB0000EEEA /* SignInView.swift */ = {isa = PBXFileReference; lastKnownFileType = sourcecode.swift; path = SignInView.swift; sourceTree = "<group>"; };
		156CED622AA28E040000EEEA /* SignInEmailViewModel.swift */ = {isa = PBXFileReference; lastKnownFileType = sourcecode.swift; path = SignInEmailViewModel.swift; sourceTree = "<group>"; };
		156CED652AA291660000EEEA /* AuthenticationManager.swift */ = {isa = PBXFileReference; lastKnownFileType = sourcecode.swift; path = AuthenticationManager.swift; sourceTree = "<group>"; };
		156CED672AA293720000EEEA /* AuthDataResultModel.swift */ = {isa = PBXFileReference; lastKnownFileType = sourcecode.swift; path = AuthDataResultModel.swift; sourceTree = "<group>"; };
		156CED692AA29A400000EEEA /* GoogleService-Info.plist */ = {isa = PBXFileReference; fileEncoding = 4; lastKnownFileType = text.plist.xml; path = "GoogleService-Info.plist"; sourceTree = "<group>"; };
		156CED6F2AA332780000EEEA /* RootView.swift */ = {isa = PBXFileReference; lastKnownFileType = sourcecode.swift; path = RootView.swift; sourceTree = "<group>"; };
		156CED712AA335EB0000EEEA /* SettingsView.swift */ = {isa = PBXFileReference; lastKnownFileType = sourcecode.swift; path = SettingsView.swift; sourceTree = "<group>"; };
		156CED732AA3367C0000EEEA /* SettingsViewModel.swift */ = {isa = PBXFileReference; lastKnownFileType = sourcecode.swift; path = SettingsViewModel.swift; sourceTree = "<group>"; };
		156CED752AA343840000EEEA /* AuthenticationView.swift */ = {isa = PBXFileReference; lastKnownFileType = sourcecode.swift; path = AuthenticationView.swift; sourceTree = "<group>"; };
		156CED772AA357C70000EEEA /* View+EmailSections.swift */ = {isa = PBXFileReference; lastKnownFileType = sourcecode.swift; path = "View+EmailSections.swift"; sourceTree = "<group>"; };
		156CED7E2AA3607E0000EEEA /* Info.plist */ = {isa = PBXFileReference; lastKnownFileType = text.plist; path = Info.plist; sourceTree = "<group>"; };
		156CED7F2AA3629E0000EEEA /* AuthenticationViewModel.swift */ = {isa = PBXFileReference; lastKnownFileType = sourcecode.swift; path = AuthenticationViewModel.swift; sourceTree = "<group>"; };
		156CED832AA3E6DF0000EEEA /* SignInGoogleHelper.swift */ = {isa = PBXFileReference; lastKnownFileType = sourcecode.swift; path = SignInGoogleHelper.swift; sourceTree = "<group>"; };
		156CED852AA5CD420000EEEA /* SignInAppleHelper.swift */ = {isa = PBXFileReference; lastKnownFileType = sourcecode.swift; path = SignInAppleHelper.swift; sourceTree = "<group>"; };
		156CED952AA637080000EEEA /* ProfileView.swift */ = {isa = PBXFileReference; lastKnownFileType = sourcecode.swift; path = ProfileView.swift; sourceTree = "<group>"; };
		156CED9A2AA66EB70000EEEA /* UserManager.swift */ = {isa = PBXFileReference; lastKnownFileType = sourcecode.swift; path = UserManager.swift; sourceTree = "<group>"; };
		15BC79DF2AAB2EAE000DD93F /* MainView.swift */ = {isa = PBXFileReference; lastKnownFileType = sourcecode.swift; path = MainView.swift; sourceTree = "<group>"; };
		15BC79E12AAB2EBA000DD93F /* BeTrainerAddView.swift */ = {isa = PBXFileReference; lastKnownFileType = sourcecode.swift; path = BeTrainerAddView.swift; sourceTree = "<group>"; };
		15BC79E42AAB2F36000DD93F /* TabBar.swift */ = {isa = PBXFileReference; lastKnownFileType = sourcecode.swift; path = TabBar.swift; sourceTree = "<group>"; };
		15BC79E62AAB2F3E000DD93F /* TabBarView1.swift */ = {isa = PBXFileReference; lastKnownFileType = sourcecode.swift; path = TabBarView1.swift; sourceTree = "<group>"; };
/* End PBXFileReference section */

/* Begin PBXFrameworksBuildPhase section */
		156CED402AA287DC0000EEEA /* Frameworks */ = {
			isa = PBXFrameworksBuildPhase;
			buildActionMask = 2147483647;
			files = (
				156CED902AA632B50000EEEA /* FirebaseFirestoreSwift in Frameworks */,
				156CED7D2AA360420000EEEA /* GoogleSignInSwift in Frameworks */,
				156CED8E2AA632B50000EEEA /* FirebaseFirestore in Frameworks */,
				156CED5F2AA28C090000EEEA /* FirebaseAuth in Frameworks */,
				156CED7B2AA360420000EEEA /* GoogleSignIn in Frameworks */,
			);
			runOnlyForDeploymentPostprocessing = 0;
		};
/* End PBXFrameworksBuildPhase section */

/* Begin PBXGroup section */
		1536893F2AB1D5030043ABC8 /* BeTrainerAddExtensions */ = {
			isa = PBXGroup;
			children = (
				1536893B2AB1D3FB0043ABC8 /* View+NeedToCreateAccount.swift */,
				1536893D2AB1D4560043ABC8 /* View+TrainerButton.swift */,
			);
			path = BeTrainerAddExtensions;
			sourceTree = "<group>";
		};
		156CED3A2AA287DC0000EEEA = {
			isa = PBXGroup;
			children = (
				156CED452AA287DC0000EEEA /* GymUp */,
				156CED442AA287DC0000EEEA /* Products */,
				156CED8C2AA632B50000EEEA /* Frameworks */,
			);
			sourceTree = "<group>";
		};
		156CED442AA287DC0000EEEA /* Products */ = {
			isa = PBXGroup;
			children = (
				156CED432AA287DC0000EEEA /* GymUp.app */,
			);
			name = Products;
			sourceTree = "<group>";
		};
		156CED452AA287DC0000EEEA /* GymUp */ = {
			isa = PBXGroup;
			children = (
				156CED7E2AA3607E0000EEEA /* Info.plist */,
				156CED462AA287DC0000EEEA /* GymUpApp.swift */,
				156CED482AA287DC0000EEEA /* ContentView.swift */,
				156CED562AA289450000EEEA /* Core */,
				156CED642AA291530000EEEA /* Authentication */,
				156CED592AA2896F0000EEEA /* Services */,
				156CED572AA2894E0000EEEA /* Shared */,
				156CED4A2AA287DD0000EEEA /* Assets.xcassets */,
				156CED4C2AA287DD0000EEEA /* Preview Content */,
			);
			path = GymUp;
			sourceTree = "<group>";
		};
		156CED4C2AA287DD0000EEEA /* Preview Content */ = {
			isa = PBXGroup;
			children = (
				156CED4D2AA287DD0000EEEA /* Preview Assets.xcassets */,
			);
			path = "Preview Content";
			sourceTree = "<group>";
		};
		156CED562AA289450000EEEA /* Core */ = {
			isa = PBXGroup;
			children = (
				156CED6F2AA332780000EEEA /* RootView.swift */,
				156CED922AA6356F0000EEEA /* Authentication */,
				15BC79E32AAB2ED0000DD93F /* CustomTabBar */,
				15BC79DE2AAB2E95000DD93F /* Main */,
				15BC79DD2AAB2E88000DD93F /* BeTrainerAdd */,
				156CED942AA636E90000EEEA /* Profile */,
				156CED912AA635440000EEEA /* Settings */,
			);
			path = Core;
			sourceTree = "<group>";
		};
		156CED572AA2894E0000EEEA /* Shared */ = {
			isa = PBXGroup;
			children = (
				156CED5B2AA289880000EEEA /* Utils */,
				156CED582AA289560000EEEA /* Extensions */,
			);
			path = Shared;
			sourceTree = "<group>";
		};
		156CED582AA289560000EEEA /* Extensions */ = {
			isa = PBXGroup;
			children = (
				156CED772AA357C70000EEEA /* View+EmailSections.swift */,
				1536893F2AB1D5030043ABC8 /* BeTrainerAddExtensions */,
			);
			path = Extensions;
			sourceTree = "<group>";
		};
		156CED592AA2896F0000EEEA /* Services */ = {
			isa = PBXGroup;
			children = (
				156CED972AA66DF90000EEEA /* Firestore */,
				156CED5C2AA289B50000EEEA /* Network */,
			);
			path = Services;
			sourceTree = "<group>";
		};
		156CED5B2AA289880000EEEA /* Utils */ = {
			isa = PBXGroup;
			children = (
			);
			path = Utils;
			sourceTree = "<group>";
		};
		156CED5C2AA289B50000EEEA /* Network */ = {
			isa = PBXGroup;
			children = (
			);
			path = Network;
			sourceTree = "<group>";
		};
		156CED642AA291530000EEEA /* Authentication */ = {
			isa = PBXGroup;
			children = (
				156CED652AA291660000EEEA /* AuthenticationManager.swift */,
				156CED672AA293720000EEEA /* AuthDataResultModel.swift */,
				156CED832AA3E6DF0000EEEA /* SignInGoogleHelper.swift */,
				156CED852AA5CD420000EEEA /* SignInAppleHelper.swift */,
			);
			path = Authentication;
			sourceTree = "<group>";
		};
		156CED8C2AA632B50000EEEA /* Frameworks */ = {
			isa = PBXGroup;
			children = (
			);
			name = Frameworks;
			sourceTree = "<group>";
		};
		156CED912AA635440000EEEA /* Settings */ = {
			isa = PBXGroup;
			children = (
				156CED712AA335EB0000EEEA /* SettingsView.swift */,
				156CED732AA3367C0000EEEA /* SettingsViewModel.swift */,
			);
			path = Settings;
			sourceTree = "<group>";
		};
		156CED922AA6356F0000EEEA /* Authentication */ = {
			isa = PBXGroup;
			children = (
				156CED7F2AA3629E0000EEEA /* AuthenticationViewModel.swift */,
				156CED752AA343840000EEEA /* AuthenticationView.swift */,
				156CED932AA6369C0000EEEA /* Subviews */,
			);
			path = Authentication;
			sourceTree = "<group>";
		};
		156CED932AA6369C0000EEEA /* Subviews */ = {
			isa = PBXGroup;
			children = (
				156CED602AA28DEB0000EEEA /* SignInView.swift */,
				156CED622AA28E040000EEEA /* SignInEmailViewModel.swift */,
			);
			path = Subviews;
			sourceTree = "<group>";
		};
		156CED942AA636E90000EEEA /* Profile */ = {
			isa = PBXGroup;
			children = (
				156CED952AA637080000EEEA /* ProfileView.swift */,
			);
			path = Profile;
			sourceTree = "<group>";
		};
		156CED972AA66DF90000EEEA /* Firestore */ = {
			isa = PBXGroup;
			children = (
				156CED9A2AA66EB70000EEEA /* UserManager.swift */,
				156CED692AA29A400000EEEA /* GoogleService-Info.plist */,
			);
			path = Firestore;
			sourceTree = "<group>";
		};
		15BC79DD2AAB2E88000DD93F /* BeTrainerAdd */ = {
			isa = PBXGroup;
			children = (
				15BC79E12AAB2EBA000DD93F /* BeTrainerAddView.swift */,
				153689392AB1D0250043ABC8 /* TrainerView.swift */,
				1511C9462AAE311000864044 /* FillInformationView.swift */,
			);
			path = BeTrainerAdd;
			sourceTree = "<group>";
		};
		15BC79DE2AAB2E95000DD93F /* Main */ = {
			isa = PBXGroup;
			children = (
				15BC79DF2AAB2EAE000DD93F /* MainView.swift */,
			);
			path = Main;
			sourceTree = "<group>";
		};
		15BC79E32AAB2ED0000DD93F /* CustomTabBar */ = {
			isa = PBXGroup;
			children = (
				15BC79E42AAB2F36000DD93F /* TabBar.swift */,
				15BC79E62AAB2F3E000DD93F /* TabBarView1.swift */,
			);
			path = CustomTabBar;
			sourceTree = "<group>";
		};
/* End PBXGroup section */

/* Begin PBXNativeTarget section */
		156CED422AA287DC0000EEEA /* GymUp */ = {
			isa = PBXNativeTarget;
			buildConfigurationList = 156CED512AA287DD0000EEEA /* Build configuration list for PBXNativeTarget "GymUp" */;
			buildPhases = (
				156CED3F2AA287DC0000EEEA /* Sources */,
				156CED402AA287DC0000EEEA /* Frameworks */,
				156CED412AA287DC0000EEEA /* Resources */,
			);
			buildRules = (
			);
			dependencies = (
			);
			name = GymUp;
			packageProductDependencies = (
				156CED5E2AA28C090000EEEA /* FirebaseAuth */,
				156CED7A2AA360420000EEEA /* GoogleSignIn */,
				156CED7C2AA360420000EEEA /* GoogleSignInSwift */,
				156CED8D2AA632B50000EEEA /* FirebaseFirestore */,
				156CED8F2AA632B50000EEEA /* FirebaseFirestoreSwift */,
			);
			productName = GymUp;
			productReference = 156CED432AA287DC0000EEEA /* GymUp.app */;
			productType = "com.apple.product-type.application";
		};
/* End PBXNativeTarget section */

/* Begin PBXProject section */
		156CED3B2AA287DC0000EEEA /* Project object */ = {
			isa = PBXProject;
			attributes = {
				BuildIndependentTargetsInParallel = 1;
				LastSwiftUpdateCheck = 1420;
				LastUpgradeCheck = 1420;
				TargetAttributes = {
					156CED422AA287DC0000EEEA = {
						CreatedOnToolsVersion = 14.2;
					};
				};
			};
			buildConfigurationList = 156CED3E2AA287DC0000EEEA /* Build configuration list for PBXProject "GymUp" */;
			compatibilityVersion = "Xcode 14.0";
			developmentRegion = en;
			hasScannedForEncodings = 0;
			knownRegions = (
				en,
				Base,
			);
			mainGroup = 156CED3A2AA287DC0000EEEA;
			packageReferences = (
				156CED5D2AA28C090000EEEA /* XCRemoteSwiftPackageReference "firebase-ios-sdk" */,
				156CED792AA360420000EEEA /* XCRemoteSwiftPackageReference "GoogleSignIn-iOS" */,
			);
			productRefGroup = 156CED442AA287DC0000EEEA /* Products */;
			projectDirPath = "";
			projectRoot = "";
			targets = (
				156CED422AA287DC0000EEEA /* GymUp */,
			);
		};
/* End PBXProject section */

/* Begin PBXResourcesBuildPhase section */
		156CED412AA287DC0000EEEA /* Resources */ = {
			isa = PBXResourcesBuildPhase;
			buildActionMask = 2147483647;
			files = (
				156CED4E2AA287DD0000EEEA /* Preview Assets.xcassets in Resources */,
				156CED4B2AA287DD0000EEEA /* Assets.xcassets in Resources */,
				156CED6A2AA29A400000EEEA /* GoogleService-Info.plist in Resources */,
			);
			runOnlyForDeploymentPostprocessing = 0;
		};
/* End PBXResourcesBuildPhase section */

/* Begin PBXSourcesBuildPhase section */
		156CED3F2AA287DC0000EEEA /* Sources */ = {
			isa = PBXSourcesBuildPhase;
			buildActionMask = 2147483647;
			files = (
				15BC79E72AAB2F3E000DD93F /* TabBarView1.swift in Sources */,
				156CED802AA3629E0000EEEA /* AuthenticationViewModel.swift in Sources */,
				156CED742AA3367C0000EEEA /* SettingsViewModel.swift in Sources */,
				15BC79E52AAB2F36000DD93F /* TabBar.swift in Sources */,
				156CED682AA293720000EEEA /* AuthDataResultModel.swift in Sources */,
				156CED632AA28E040000EEEA /* SignInEmailViewModel.swift in Sources */,
				156CED612AA28DEB0000EEEA /* SignInView.swift in Sources */,
				156CED782AA357C70000EEEA /* View+EmailSections.swift in Sources */,
				156CED9B2AA66EB70000EEEA /* UserManager.swift in Sources */,
				156CED762AA343840000EEEA /* AuthenticationView.swift in Sources */,
				1536893E2AB1D4560043ABC8 /* View+TrainerButton.swift in Sources */,
				1536893A2AB1D0250043ABC8 /* TrainerView.swift in Sources */,
				1511C9472AAE311000864044 /* FillInformationView.swift in Sources */,
				156CED962AA637080000EEEA /* ProfileView.swift in Sources */,
				156CED862AA5CD420000EEEA /* SignInAppleHelper.swift in Sources */,
				156CED842AA3E6DF0000EEEA /* SignInGoogleHelper.swift in Sources */,
				15BC79E02AAB2EAE000DD93F /* MainView.swift in Sources */,
				1536893C2AB1D3FB0043ABC8 /* View+NeedToCreateAccount.swift in Sources */,
				156CED492AA287DC0000EEEA /* ContentView.swift in Sources */,
				156CED702AA332780000EEEA /* RootView.swift in Sources */,
				156CED722AA335EB0000EEEA /* SettingsView.swift in Sources */,
				15BC79E22AAB2EBA000DD93F /* BeTrainerAddView.swift in Sources */,
				156CED662AA291660000EEEA /* AuthenticationManager.swift in Sources */,
				156CED472AA287DC0000EEEA /* GymUpApp.swift in Sources */,
			);
			runOnlyForDeploymentPostprocessing = 0;
		};
/* End PBXSourcesBuildPhase section */

/* Begin XCBuildConfiguration section */
		156CED4F2AA287DD0000EEEA /* Debug */ = {
			isa = XCBuildConfiguration;
			buildSettings = {
				ALWAYS_SEARCH_USER_PATHS = NO;
				CLANG_ANALYZER_NONNULL = YES;
				CLANG_ANALYZER_NUMBER_OBJECT_CONVERSION = YES_AGGRESSIVE;
				CLANG_CXX_LANGUAGE_STANDARD = "gnu++20";
				CLANG_ENABLE_MODULES = YES;
				CLANG_ENABLE_OBJC_ARC = YES;
				CLANG_ENABLE_OBJC_WEAK = YES;
				CLANG_WARN_BLOCK_CAPTURE_AUTORELEASING = YES;
				CLANG_WARN_BOOL_CONVERSION = YES;
				CLANG_WARN_COMMA = YES;
				CLANG_WARN_CONSTANT_CONVERSION = YES;
				CLANG_WARN_DEPRECATED_OBJC_IMPLEMENTATIONS = YES;
				CLANG_WARN_DIRECT_OBJC_ISA_USAGE = YES_ERROR;
				CLANG_WARN_DOCUMENTATION_COMMENTS = YES;
				CLANG_WARN_EMPTY_BODY = YES;
				CLANG_WARN_ENUM_CONVERSION = YES;
				CLANG_WARN_INFINITE_RECURSION = YES;
				CLANG_WARN_INT_CONVERSION = YES;
				CLANG_WARN_NON_LITERAL_NULL_CONVERSION = YES;
				CLANG_WARN_OBJC_IMPLICIT_RETAIN_SELF = YES;
				CLANG_WARN_OBJC_LITERAL_CONVERSION = YES;
				CLANG_WARN_OBJC_ROOT_CLASS = YES_ERROR;
				CLANG_WARN_QUOTED_INCLUDE_IN_FRAMEWORK_HEADER = YES;
				CLANG_WARN_RANGE_LOOP_ANALYSIS = YES;
				CLANG_WARN_STRICT_PROTOTYPES = YES;
				CLANG_WARN_SUSPICIOUS_MOVE = YES;
				CLANG_WARN_UNGUARDED_AVAILABILITY = YES_AGGRESSIVE;
				CLANG_WARN_UNREACHABLE_CODE = YES;
				CLANG_WARN__DUPLICATE_METHOD_MATCH = YES;
				COPY_PHASE_STRIP = NO;
				DEBUG_INFORMATION_FORMAT = dwarf;
				ENABLE_STRICT_OBJC_MSGSEND = YES;
				ENABLE_TESTABILITY = YES;
				GCC_C_LANGUAGE_STANDARD = gnu11;
				GCC_DYNAMIC_NO_PIC = NO;
				GCC_NO_COMMON_BLOCKS = YES;
				GCC_OPTIMIZATION_LEVEL = 0;
				GCC_PREPROCESSOR_DEFINITIONS = (
					"DEBUG=1",
					"$(inherited)",
				);
				GCC_WARN_64_TO_32_BIT_CONVERSION = YES;
				GCC_WARN_ABOUT_RETURN_TYPE = YES_ERROR;
				GCC_WARN_UNDECLARED_SELECTOR = YES;
				GCC_WARN_UNINITIALIZED_AUTOS = YES_AGGRESSIVE;
				GCC_WARN_UNUSED_FUNCTION = YES;
				GCC_WARN_UNUSED_VARIABLE = YES;
				IPHONEOS_DEPLOYMENT_TARGET = 16.2;
				MTL_ENABLE_DEBUG_INFO = INCLUDE_SOURCE;
				MTL_FAST_MATH = YES;
				ONLY_ACTIVE_ARCH = YES;
				SDKROOT = iphoneos;
				SWIFT_ACTIVE_COMPILATION_CONDITIONS = DEBUG;
				SWIFT_OPTIMIZATION_LEVEL = "-Onone";
			};
			name = Debug;
		};
		156CED502AA287DD0000EEEA /* Release */ = {
			isa = XCBuildConfiguration;
			buildSettings = {
				ALWAYS_SEARCH_USER_PATHS = NO;
				CLANG_ANALYZER_NONNULL = YES;
				CLANG_ANALYZER_NUMBER_OBJECT_CONVERSION = YES_AGGRESSIVE;
				CLANG_CXX_LANGUAGE_STANDARD = "gnu++20";
				CLANG_ENABLE_MODULES = YES;
				CLANG_ENABLE_OBJC_ARC = YES;
				CLANG_ENABLE_OBJC_WEAK = YES;
				CLANG_WARN_BLOCK_CAPTURE_AUTORELEASING = YES;
				CLANG_WARN_BOOL_CONVERSION = YES;
				CLANG_WARN_COMMA = YES;
				CLANG_WARN_CONSTANT_CONVERSION = YES;
				CLANG_WARN_DEPRECATED_OBJC_IMPLEMENTATIONS = YES;
				CLANG_WARN_DIRECT_OBJC_ISA_USAGE = YES_ERROR;
				CLANG_WARN_DOCUMENTATION_COMMENTS = YES;
				CLANG_WARN_EMPTY_BODY = YES;
				CLANG_WARN_ENUM_CONVERSION = YES;
				CLANG_WARN_INFINITE_RECURSION = YES;
				CLANG_WARN_INT_CONVERSION = YES;
				CLANG_WARN_NON_LITERAL_NULL_CONVERSION = YES;
				CLANG_WARN_OBJC_IMPLICIT_RETAIN_SELF = YES;
				CLANG_WARN_OBJC_LITERAL_CONVERSION = YES;
				CLANG_WARN_OBJC_ROOT_CLASS = YES_ERROR;
				CLANG_WARN_QUOTED_INCLUDE_IN_FRAMEWORK_HEADER = YES;
				CLANG_WARN_RANGE_LOOP_ANALYSIS = YES;
				CLANG_WARN_STRICT_PROTOTYPES = YES;
				CLANG_WARN_SUSPICIOUS_MOVE = YES;
				CLANG_WARN_UNGUARDED_AVAILABILITY = YES_AGGRESSIVE;
				CLANG_WARN_UNREACHABLE_CODE = YES;
				CLANG_WARN__DUPLICATE_METHOD_MATCH = YES;
				COPY_PHASE_STRIP = NO;
				DEBUG_INFORMATION_FORMAT = "dwarf-with-dsym";
				ENABLE_NS_ASSERTIONS = NO;
				ENABLE_STRICT_OBJC_MSGSEND = YES;
				GCC_C_LANGUAGE_STANDARD = gnu11;
				GCC_NO_COMMON_BLOCKS = YES;
				GCC_WARN_64_TO_32_BIT_CONVERSION = YES;
				GCC_WARN_ABOUT_RETURN_TYPE = YES_ERROR;
				GCC_WARN_UNDECLARED_SELECTOR = YES;
				GCC_WARN_UNINITIALIZED_AUTOS = YES_AGGRESSIVE;
				GCC_WARN_UNUSED_FUNCTION = YES;
				GCC_WARN_UNUSED_VARIABLE = YES;
				IPHONEOS_DEPLOYMENT_TARGET = 16.2;
				MTL_ENABLE_DEBUG_INFO = NO;
				MTL_FAST_MATH = YES;
				SDKROOT = iphoneos;
				SWIFT_COMPILATION_MODE = wholemodule;
				SWIFT_OPTIMIZATION_LEVEL = "-O";
				VALIDATE_PRODUCT = YES;
			};
			name = Release;
		};
		156CED522AA287DD0000EEEA /* Debug */ = {
			isa = XCBuildConfiguration;
			buildSettings = {
				ASSETCATALOG_COMPILER_APPICON_NAME = AppIcon;
				ASSETCATALOG_COMPILER_GLOBAL_ACCENT_COLOR_NAME = AccentColor;
				CODE_SIGN_STYLE = Automatic;
				CURRENT_PROJECT_VERSION = 1;
				DEVELOPMENT_ASSET_PATHS = "\"GymUp/Preview Content\"";
				DEVELOPMENT_TEAM = XZA5R9TKBS;
				ENABLE_PREVIEWS = YES;
				GENERATE_INFOPLIST_FILE = YES;
				INFOPLIST_FILE = GymUp/Info.plist;
				INFOPLIST_KEY_UIApplicationSceneManifest_Generation = YES;
				INFOPLIST_KEY_UIApplicationSupportsIndirectInputEvents = YES;
				INFOPLIST_KEY_UILaunchScreen_Generation = YES;
				INFOPLIST_KEY_UISupportedInterfaceOrientations_iPad = "UIInterfaceOrientationPortrait UIInterfaceOrientationPortraitUpsideDown UIInterfaceOrientationLandscapeLeft UIInterfaceOrientationLandscapeRight";
				INFOPLIST_KEY_UISupportedInterfaceOrientations_iPhone = "UIInterfaceOrientationPortrait UIInterfaceOrientationLandscapeLeft UIInterfaceOrientationLandscapeRight";
				LD_RUNPATH_SEARCH_PATHS = (
					"$(inherited)",
					"@executable_path/Frameworks",
				);
				MARKETING_VERSION = 1.0;
				PRODUCT_BUNDLE_IDENTIFIER = deffsin.GymUp;
				PRODUCT_NAME = "$(TARGET_NAME)";
				SWIFT_EMIT_LOC_STRINGS = YES;
				SWIFT_VERSION = 5.0;
				TARGETED_DEVICE_FAMILY = "1,2";
			};
			name = Debug;
		};
		156CED532AA287DD0000EEEA /* Release */ = {
			isa = XCBuildConfiguration;
			buildSettings = {
				ASSETCATALOG_COMPILER_APPICON_NAME = AppIcon;
				ASSETCATALOG_COMPILER_GLOBAL_ACCENT_COLOR_NAME = AccentColor;
				CODE_SIGN_STYLE = Automatic;
				CURRENT_PROJECT_VERSION = 1;
				DEVELOPMENT_ASSET_PATHS = "\"GymUp/Preview Content\"";
				DEVELOPMENT_TEAM = XZA5R9TKBS;
				ENABLE_PREVIEWS = YES;
				GENERATE_INFOPLIST_FILE = YES;
				INFOPLIST_FILE = GymUp/Info.plist;
				INFOPLIST_KEY_UIApplicationSceneManifest_Generation = YES;
				INFOPLIST_KEY_UIApplicationSupportsIndirectInputEvents = YES;
				INFOPLIST_KEY_UILaunchScreen_Generation = YES;
				INFOPLIST_KEY_UISupportedInterfaceOrientations_iPad = "UIInterfaceOrientationPortrait UIInterfaceOrientationPortraitUpsideDown UIInterfaceOrientationLandscapeLeft UIInterfaceOrientationLandscapeRight";
				INFOPLIST_KEY_UISupportedInterfaceOrientations_iPhone = "UIInterfaceOrientationPortrait UIInterfaceOrientationLandscapeLeft UIInterfaceOrientationLandscapeRight";
				LD_RUNPATH_SEARCH_PATHS = (
					"$(inherited)",
					"@executable_path/Frameworks",
				);
				MARKETING_VERSION = 1.0;
				PRODUCT_BUNDLE_IDENTIFIER = deffsin.GymUp;
				PRODUCT_NAME = "$(TARGET_NAME)";
				SWIFT_EMIT_LOC_STRINGS = YES;
				SWIFT_VERSION = 5.0;
				TARGETED_DEVICE_FAMILY = "1,2";
			};
			name = Release;
		};
/* End XCBuildConfiguration section */

/* Begin XCConfigurationList section */
		156CED3E2AA287DC0000EEEA /* Build configuration list for PBXProject "GymUp" */ = {
			isa = XCConfigurationList;
			buildConfigurations = (
				156CED4F2AA287DD0000EEEA /* Debug */,
				156CED502AA287DD0000EEEA /* Release */,
			);
			defaultConfigurationIsVisible = 0;
			defaultConfigurationName = Release;
		};
		156CED512AA287DD0000EEEA /* Build configuration list for PBXNativeTarget "GymUp" */ = {
			isa = XCConfigurationList;
			buildConfigurations = (
				156CED522AA287DD0000EEEA /* Debug */,
				156CED532AA287DD0000EEEA /* Release */,
			);
			defaultConfigurationIsVisible = 0;
			defaultConfigurationName = Release;
		};
/* End XCConfigurationList section */

/* Begin XCRemoteSwiftPackageReference section */
		156CED5D2AA28C090000EEEA /* XCRemoteSwiftPackageReference "firebase-ios-sdk" */ = {
			isa = XCRemoteSwiftPackageReference;
			repositoryURL = "https://github.com/firebase/firebase-ios-sdk.git";
			requirement = {
				kind = exactVersion;
				version = 10.4.0;
			};
		};
		156CED792AA360420000EEEA /* XCRemoteSwiftPackageReference "GoogleSignIn-iOS" */ = {
			isa = XCRemoteSwiftPackageReference;
			repositoryURL = "https://github.com/google/GoogleSignIn-iOS.git";
			requirement = {
				kind = upToNextMajorVersion;
				minimumVersion = 7.0.0;
			};
		};
/* End XCRemoteSwiftPackageReference section */

/* Begin XCSwiftPackageProductDependency section */
		156CED5E2AA28C090000EEEA /* FirebaseAuth */ = {
			isa = XCSwiftPackageProductDependency;
			package = 156CED5D2AA28C090000EEEA /* XCRemoteSwiftPackageReference "firebase-ios-sdk" */;
			productName = FirebaseAuth;
		};
		156CED7A2AA360420000EEEA /* GoogleSignIn */ = {
			isa = XCSwiftPackageProductDependency;
			package = 156CED792AA360420000EEEA /* XCRemoteSwiftPackageReference "GoogleSignIn-iOS" */;
			productName = GoogleSignIn;
		};
		156CED7C2AA360420000EEEA /* GoogleSignInSwift */ = {
			isa = XCSwiftPackageProductDependency;
			package = 156CED792AA360420000EEEA /* XCRemoteSwiftPackageReference "GoogleSignIn-iOS" */;
			productName = GoogleSignInSwift;
		};
		156CED8D2AA632B50000EEEA /* FirebaseFirestore */ = {
			isa = XCSwiftPackageProductDependency;
			package = 156CED5D2AA28C090000EEEA /* XCRemoteSwiftPackageReference "firebase-ios-sdk" */;
			productName = FirebaseFirestore;
		};
		156CED8F2AA632B50000EEEA /* FirebaseFirestoreSwift */ = {
			isa = XCSwiftPackageProductDependency;
			package = 156CED5D2AA28C090000EEEA /* XCRemoteSwiftPackageReference "firebase-ios-sdk" */;
			productName = FirebaseFirestoreSwift;
		};
/* End XCSwiftPackageProductDependency section */
	};
	rootObject = 156CED3B2AA287DC0000EEEA /* Project object */;
}
